
Microsoft Visual Studio Solution File, Format Version 12.00
# Visual Studio Version 16
VisualStudioVersion = 16.0.33214.272
MinimumVisualStudioVersion = 10.0.40219.1
Project("{FAE04EC0-301F-11D3-BF4B-00C04F79EFBC}") = "F_M_Seyedamirhossein.Rouhi.Android", "F_M_Seyedamirhossein.Rouhi\F_M_Seyedamirhossein.Rouhi.Android\F_M_Seyedamirhossein.Rouhi.Android.csproj", "{1A09438B-E9EC-45E1-8B95-E65AEC8EA220}"
EndProject
Project("{FAE04EC0-301F-11D3-BF4B-00C04F79EFBC}") = "F_M_Seyedamirhossein.Rouhi.iOS", "F_M_Seyedamirhossein.Rouhi\F_M_Seyedamirhossein.Rouhi.iOS\F_M_Seyedamirhossein.Rouhi.iOS.csproj", "{370131FF-882B-4368-8154-86A5881DEC54}"
EndProject
Project("{FAE04EC0-301F-11D3-BF4B-00C04F79EFBC}") = "F_M_Seyedamirhossein.Rouhi", "F_M_Seyedamirhossein.Rouhi\F_M_Seyedamirhossein.Rouhi\F_M_Seyedamirhossein.Rouhi.csproj", "{72E8AC9D-4E4D-4DBF-8CA7-6B4C990DC2D6}"
EndProject
Global
	GlobalSection(SolutionConfigurationPlatforms) = preSolution
		Debug|Any CPU = Debug|Any CPU
		Debug|iPhone = Debug|iPhone
		Debug|iPhoneSimulator = Debug|iPhoneSimulator
		Release|Any CPU = Release|Any CPU
		Release|iPhone = Release|iPhone
		Release|iPhoneSimulator = Release|iPhoneSimulator
	EndGlobalSection
	GlobalSection(ProjectConfigurationPlatforms) = postSolution
		{1A09438B-E9EC-45E1-8B95-E65AEC8EA220}.Debug|Any CPU.ActiveCfg = Debug|Any CPU
		{1A09438B-E9EC-45E1-8B95-E65AEC8EA220}.Debug|Any CPU.Build.0 = Debug|Any CPU
		{1A09438B-E9EC-45E1-8B95-E65AEC8EA220}.Debug|Any CPU.Deploy.0 = Debug|Any CPU
		{1A09438B-E9EC-45E1-8B95-E65AEC8EA220}.Debug|iPhone.ActiveCfg = Debug|Any CPU
		{1A09438B-E9EC-45E1-8B95-E65AEC8EA220}.Debug|iPhone.Build.0 = Debug|Any CPU
		{1A09438B-E9EC-45E1-8B95-E65AEC8EA220}.Debug|iPhone.Deploy.0 = Debug|Any CPU
		{1A09438B-E9EC-45E1-8B95-E65AEC8EA220}.Debug|iPhoneSimulator.ActiveCfg = Debug|Any CPU
		{1A09438B-E9EC-45E1-8B95-E65AEC8EA220}.Debug|iPhoneSimulator.Build.0 = Debug|Any CPU
		{1A09438B-E9EC-45E1-8B95-E65AEC8EA220}.Debug|iPhoneSimulator.Deploy.0 = Debug|Any CPU
		{1A09438B-E9EC-45E1-8B95-E65AEC8EA220}.Release|Any CPU.ActiveCfg = Release|Any CPU
		{1A09438B-E9EC-45E1-8B95-E65AEC8EA220}.Release|Any CPU.Build.0 = Release|Any CPU
		{1A09438B-E9EC-45E1-8B95-E65AEC8EA220}.Release|Any CPU.Deploy.0 = Release|Any CPU
		{1A09438B-E9EC-45E1-8B95-E65AEC8EA220}.Release|iPhone.ActiveCfg = Release|Any CPU
		{1A09438B-E9EC-45E1-8B95-E65AEC8EA220}.Release|iPhone.Build.0 = Release|Any CPU
		{1A09438B-E9EC-45E1-8B95-E65AEC8EA220}.Release|iPhone.Deploy.0 = Release|Any CPU
		{1A09438B-E9EC-45E1-8B95-E65AEC8EA220}.Release|iPhoneSimulator.ActiveCfg = Release|Any CPU
		{1A09438B-E9EC-45E1-8B95-E65AEC8EA220}.Release|iPhoneSimulator.Build.0 = Release|Any CPU
		{1A09438B-E9EC-45E1-8B95-E65AEC8EA220}.Release|iPhoneSimulator.Deploy.0 = Release|Any CPU
		{370131FF-882B-4368-8154-86A5881DEC54}.Debug|Any CPU.ActiveCfg = Debug|iPhone
		{370131FF-882B-4368-8154-86A5881DEC54}.Debug|Any CPU.Build.0 = Debug|iPhone
		{370131FF-882B-4368-8154-86A5881DEC54}.Debug|Any CPU.Deploy.0 = Debug|iPhone
		{370131FF-882B-4368-8154-86A5881DEC54}.Debug|iPhone.ActiveCfg = Debug|iPhone
		{370131FF-882B-4368-8154-86A5881DEC54}.Debug|iPhone.Build.0 = Debug|iPhone
		{370131FF-882B-4368-8154-86A5881DEC54}.Debug|iPhone.Deploy.0 = Debug|iPhone
		{370131FF-882B-4368-8154-86A5881DEC54}.Debug|iPhoneSimulator.ActiveCfg = Debug|iPhoneSimulator
		{370131FF-882B-4368-8154-86A5881DEC54}.Debug|iPhoneSimulator.Build.0 = Debug|iPhoneSimulator
		{370131FF-882B-4368-8154-86A5881DEC54}.Debug|iPhoneSimulator.Deploy.0 = Debug|iPhoneSimulator
		{370131FF-882B-4368-8154-86A5881DEC54}.Release|Any CPU.ActiveCfg = Release|iPhoneSimulator
		{370131FF-882B-4368-8154-86A5881DEC54}.Release|Any CPU.Build.0 = Release|iPhoneSimulator
		{370131FF-882B-4368-8154-86A5881DEC54}.Release|Any CPU.Deploy.0 = Release|iPhoneSimulator
		{370131FF-882B-4368-8154-86A5881DEC54}.Release|iPhone.ActiveCfg = Release|iPhone
		{370131FF-882B-4368-8154-86A5881DEC54}.Release|iPhone.Build.0 = Release|iPhone
		{370131FF-882B-4368-8154-86A5881DEC54}.Release|iPhone.Deploy.0 = Release|iPhone
		{370131FF-882B-4368-8154-86A5881DEC54}.Release|iPhoneSimulator.ActiveCfg = Release|iPhoneSimulator
		{370131FF-882B-4368-8154-86A5881DEC54}.Release|iPhoneSimulator.Build.0 = Release|iPhoneSimulator
		{370131FF-882B-4368-8154-86A5881DEC54}.Release|iPhoneSimulator.Deploy.0 = Release|iPhoneSimulator
		{72E8AC9D-4E4D-4DBF-8CA7-6B4C990DC2D6}.Debug|Any CPU.ActiveCfg = Debug|Any CPU
		{72E8AC9D-4E4D-4DBF-8CA7-6B4C990DC2D6}.Debug|Any CPU.Build.0 = Debug|Any CPU
		{72E8AC9D-4E4D-4DBF-8CA7-6B4C990DC2D6}.Debug|Any CPU.Deploy.0 = Debug|Any CPU
		{72E8AC9D-4E4D-4DBF-8CA7-6B4C990DC2D6}.Debug|iPhone.ActiveCfg = Debug|Any CPU
		{72E8AC9D-4E4D-4DBF-8CA7-6B4C990DC2D6}.Debug|iPhone.Build.0 = Debug|Any CPU
		{72E8AC9D-4E4D-4DBF-8CA7-6B4C990DC2D6}.Debug|iPhone.Deploy.0 = Debug|Any CPU
		{72E8AC9D-4E4D-4DBF-8CA7-6B4C990DC2D6}.Debug|iPhoneSimulator.ActiveCfg = Debug|Any CPU
		{72E8AC9D-4E4D-4DBF-8CA7-6B4C990DC2D6}.Debug|iPhoneSimulator.Build.0 = Debug|Any CPU
		{72E8AC9D-4E4D-4DBF-8CA7-6B4C990DC2D6}.Debug|iPhoneSimulator.Deploy.0 = Debug|Any CPU
		{72E8AC9D-4E4D-4DBF-8CA7-6B4C990DC2D6}.Release|Any CPU.ActiveCfg = Release|Any CPU
		{72E8AC9D-4E4D-4DBF-8CA7-6B4C990DC2D6}.Release|Any CPU.Build.0 = Release|Any CPU
		{72E8AC9D-4E4D-4DBF-8CA7-6B4C990DC2D6}.Release|Any CPU.Deploy.0 = Release|Any CPU
		{72E8AC9D-4E4D-4DBF-8CA7-6B4C990DC2D6}.Release|iPhone.ActiveCfg = Release|Any CPU
		{72E8AC9D-4E4D-4DBF-8CA7-6B4C990DC2D6}.Release|iPhone.Build.0 = Release|Any CPU
		{72E8AC9D-4E4D-4DBF-8CA7-6B4C990DC2D6}.Release|iPhone.Deploy.0 = Release|Any CPU
		{72E8AC9D-4E4D-4DBF-8CA7-6B4C990DC2D6}.Release|iPhoneSimulator.ActiveCfg = Release|Any CPU
		{72E8AC9D-4E4D-4DBF-8CA7-6B4C990DC2D6}.Release|iPhoneSimulator.Build.0 = Release|Any CPU
		{72E8AC9D-4E4D-4DBF-8CA7-6B4C990DC2D6}.Release|iPhoneSimulator.Deploy.0 = Release|Any CPU
	EndGlobalSection
	GlobalSection(SolutionProperties) = preSolution
		HideSolutionNode = FALSE
	EndGlobalSection
	GlobalSection(ExtensibilityGlobals) = postSolution
		SolutionGuid = {0E127355-F857-4BC6-925B-6686D95B01DD}
	EndGlobalSection
EndGlobal
